hash: 72102ebc4ce3e288c3bd3053589dc3fcb1430b31d8eed27f45d25685c611ca91
updated: 2017-02-09T09:55:22.836832314-05:00
imports:
- name: github.com/gorilla/context
  version: 08b5f424b9271eedf6f9f0ce86cb9396ed337a42
- name: github.com/gorilla/mux
  version: 392c28fe23e1c45ddba891b0320b3b5df220beea
testImports: []
